PODS:
  - Adjust (4.33.4):
    - Adjust/Core (= 4.33.4)
  - Adjust/Core (4.33.4)
  - AppsFlyerFramework (6.11.2):
    - AppsFlyerFramework/Main (= 6.11.2)
  - AppsFlyerFramework/Main (6.11.2)
  - boost (1.76.0)
  - DoubleConversion (1.1.6)
  - FBLazyVector (0.71.10)
  - FBReactNativeSpec (0.71.10):
    - RCT-Folly (= 2021.07.22.00)
    - RCTRequired (= 0.71.10)
    - RCTTypeSafety (= 0.71.10)
    - React-Core (= 0.71.10)
    - React-jsi (= 0.71.10)
    - ReactCommon/turbomodule/core (= 0.71.10)
  - Firebase (10.11.0):
    - Firebase/Core (= 10.11.0)
  - Firebase/Core (10.11.0):
    - Firebase/CoreOnly
    - FirebaseAnalytics (~> 10.11.0)
  - Firebase/CoreOnly (10.11.0):
    - FirebaseCore (= 10.11.0)
  - FirebaseAnalytics (10.11.0):
    - FirebaseAnalytics/AdIdSupport (= 10.11.0)
    - FirebaseCore (~> 10.0)
    - FirebaseInstallations (~> 10.0)
    - GoogleUtilities/AppDelegateSwizzler (~> 7.11)
    - GoogleUtilities/MethodSwizzler (~> 7.11)
    - GoogleUtilities/Network (~> 7.11)
    - "GoogleUtilities/NSData+zlib (~> 7.11)"
    - nanopb (< 2.30910.0, >= 2.30908.0)
  - FirebaseAnalytics/AdIdSupport (10.11.0):
    - FirebaseCore (~> 10.0)
    - FirebaseInstallations (~> 10.0)
    - GoogleAppMeasurement (= 10.11.0)
    - GoogleUtilities/AppDelegateSwizzler (~> 7.11)
    - GoogleUtilities/MethodSwizzler (~> 7.11)
    - GoogleUtilities/Network (~> 7.11)
    - "GoogleUtilities/NSData+zlib (~> 7.11)"
    - nanopb (< 2.30910.0, >= 2.30908.0)
  - FirebaseCore (10.11.0):
    - FirebaseCoreInternal (~> 10.0)
    - GoogleUtilities/Environment (~> 7.8)
    - GoogleUtilities/Logger (~> 7.8)
  - FirebaseCoreInternal (10.11.0):
    - "GoogleUtilities/NSData+zlib (~> 7.8)"
  - FirebaseInstallations (10.11.0):
    - FirebaseCore (~> 10.0)
    - GoogleUtilities/Environment (~> 7.8)
    - GoogleUtilities/UserDefaults (~> 7.8)
    - PromisesObjC (~> 2.1)
  - fmt (6.2.1)
  - glog (0.3.5)
  - GoogleAppMeasurement (10.11.0):
    - GoogleAppMeasurement/AdIdSupport (= 10.11.0)
    - GoogleUtilities/AppDelegateSwizzler (~> 7.11)
    - GoogleUtilities/MethodSwizzler (~> 7.11)
    - GoogleUtilities/Network (~> 7.11)
    - "GoogleUtilities/NSData+zlib (~> 7.11)"
    - nanopb (< 2.30910.0, >= 2.30908.0)
  - GoogleAppMeasurement/AdIdSupport (10.11.0):
    - GoogleAppMeasurement/WithoutAdIdSupport (= 10.11.0)
    - GoogleUtilities/AppDelegateSwizzler (~> 7.11)
    - GoogleUtilities/MethodSwizzler (~> 7.11)
    - GoogleUtilities/Network (~> 7.11)
    - "GoogleUtilities/NSData+zlib (~> 7.11)"
    - nanopb (< 2.30910.0, >= 2.30908.0)
  - GoogleAppMeasurement/WithoutAdIdSupport (10.11.0):
    - GoogleUtilities/AppDelegateSwizzler (~> 7.11)
    - GoogleUtilities/MethodSwizzler (~> 7.11)
    - GoogleUtilities/Network (~> 7.11)
    - "GoogleUtilities/NSData+zlib (~> 7.11)"
    - nanopb (< 2.30910.0, >= 2.30908.0)
  - GoogleUtilities/AppDelegateSwizzler (7.11.1):
    - GoogleUtilities/Environment
    - GoogleUtilities/Logger
    - GoogleUtilities/Network
  - GoogleUtilities/Environment (7.11.1):
    - PromisesObjC (< 3.0, >= 1.2)
  - GoogleUtilities/Logger (7.11.1):
    - GoogleUtilities/Environment
  - GoogleUtilities/MethodSwizzler (7.11.1):
    - GoogleUtilities/Logger
  - GoogleUtilities/Network (7.11.1):
    - GoogleUtilities/Logger
    - "GoogleUtilities/NSData+zlib"
    - GoogleUtilities/Reachability
  - "GoogleUtilities/NSData+zlib (7.11.1)"
  - GoogleUtilities/Reachability (7.11.1):
    - GoogleUtilities/Logger
  - GoogleUtilities/UserDefaults (7.11.1):
    - GoogleUtilities/Logger
  - hermes-engine (0.71.10):
    - hermes-engine/Pre-built (= 0.71.10)
  - hermes-engine/Pre-built (0.71.10)
  - libevent (2.1.12)
  - nanopb (2.30909.0):
    - nanopb/decode (= 2.30909.0)
    - nanopb/encode (= 2.30909.0)
  - nanopb/decode (2.30909.0)
  - nanopb/encode (2.30909.0)
  - Permission-LocationAccuracy (3.8.4):
    - RNPermissions
  - Permission-LocationAlways (3.8.4):
    - RNPermissions
  - Permission-LocationWhenInUse (3.8.4):
    - RNPermissions
  - PLCrashReporter (1.11.1)
  - PromisesObjC (2.2.0)
  - RCT-Folly (2021.07.22.00):
    - boost
    - DoubleConversion
    - fmt (~> 6.2.1)
    - glog
    - RCT-Folly/Default (= 2021.07.22.00)
  - RCT-Folly/Default (2021.07.22.00):
    - boost
    - DoubleConversion
    - fmt (~> 6.2.1)
    - glog
  - RCT-Folly/Futures (2021.07.22.00):
    - boost
    - DoubleConversion
    - fmt (~> 6.2.1)
    - glog
    - libevent
  - RCTRequired (0.71.10)
  - RCTTypeSafety (0.71.10):
    - FBLazyVector (= 0.71.10)
    - RCTRequired (= 0.71.10)
    - React-Core (= 0.71.10)
  - React (0.71.10):
    - React-Core (= 0.71.10)
    - React-Core/DevSupport (= 0.71.10)
    - React-Core/RCTWebSocket (= 0.71.10)
    - React-RCTActionSheet (= 0.71.10)
    - React-RCTAnimation (= 0.71.10)
    - React-RCTBlob (= 0.71.10)
    - React-RCTImage (= 0.71.10)
    - React-RCTLinking (= 0.71.10)
    - React-RCTNetwork (= 0.71.10)
    - React-RCTSettings (= 0.71.10)
    - React-RCTText (= 0.71.10)
    - React-RCTVibration (= 0.71.10)
  - React-callinvoker (0.71.10)
  - React-Codegen (0.71.10):
    - FBReactNativeSpec
    - hermes-engine
    - RCT-Folly
    - RCTRequired
    - RCTTypeSafety
    - React-Core
    - React-jsi
    - React-jsiexecutor
    - ReactCommon/turbomodule/bridging
    - ReactCommon/turbomodule/core
  - React-Core (0.71.10):
    - glog
    - hermes-engine
    - RCT-Folly (= 2021.07.22.00)
    - React-Core/Default (= 0.71.10)
    - React-cxxreact (= 0.71.10)
    - React-hermes
    - React-jsi (= 0.71.10)
    - React-jsiexecutor (= 0.71.10)
    - React-perflogger (= 0.71.10)
    - Yoga
  - React-Core/CoreModulesHeaders (0.71.10):
    - glog
    - hermes-engine
    - RCT-Folly (= 2021.07.22.00)
    - React-Core/Default
    - React-cxxreact (= 0.71.10)
    - React-hermes
    - React-jsi (= 0.71.10)
    - React-jsiexecutor (= 0.71.10)
    - React-perflogger (= 0.71.10)
    - Yoga
  - React-Core/Default (0.71.10):
    - glog
    - hermes-engine
    - RCT-Folly (= 2021.07.22.00)
    - React-cxxreact (= 0.71.10)
    - React-hermes
    - React-jsi (= 0.71.10)
    - React-jsiexecutor (= 0.71.10)
    - React-perflogger (= 0.71.10)
    - Yoga
  - React-Core/DevSupport (0.71.10):
    - glog
    - hermes-engine
    - RCT-Folly (= 2021.07.22.00)
    - React-Core/Default (= 0.71.10)
    - React-Core/RCTWebSocket (= 0.71.10)
    - React-cxxreact (= 0.71.10)
    - React-hermes
    - React-jsi (= 0.71.10)
    - React-jsiexecutor (= 0.71.10)
    - React-jsinspector (= 0.71.10)
    - React-perflogger (= 0.71.10)
    - Yoga
  - React-Core/RCTActionSheetHeaders (0.71.10):
    - glog
    - hermes-engine
    - RCT-Folly (= 2021.07.22.00)
    - React-Core/Default
    - React-cxxreact (= 0.71.10)
    - React-hermes
    - React-jsi (= 0.71.10)
    - React-jsiexecutor (= 0.71.10)
    - React-perflogger (= 0.71.10)
    - Yoga
  - React-Core/RCTAnimationHeaders (0.71.10):
    - glog
    - hermes-engine
    - RCT-Folly (= 2021.07.22.00)
    - React-Core/Default
    - React-cxxreact (= 0.71.10)
    - React-hermes
    - React-jsi (= 0.71.10)
    - React-jsiexecutor (= 0.71.10)
    - React-perflogger (= 0.71.10)
    - Yoga
  - React-Core/RCTBlobHeaders (0.71.10):
    - glog
    - hermes-engine
    - RCT-Folly (= 2021.07.22.00)
    - React-Core/Default
    - React-cxxreact (= 0.71.10)
    - React-hermes
    - React-jsi (= 0.71.10)
    - React-jsiexecutor (= 0.71.10)
    - React-perflogger (= 0.71.10)
    - Yoga
  - React-Core/RCTImageHeaders (0.71.10):
    - glog
    - hermes-engine
    - RCT-Folly (= 2021.07.22.00)
    - React-Core/Default
    - React-cxxreact (= 0.71.10)
    - React-hermes
    - React-jsi (= 0.71.10)
    - React-jsiexecutor (= 0.71.10)
    - React-perflogger (= 0.71.10)
    - Yoga
  - React-Core/RCTLinkingHeaders (0.71.10):
    - glog
    - hermes-engine
    - RCT-Folly (= 2021.07.22.00)
    - React-Core/Default
    - React-cxxreact (= 0.71.10)
    - React-hermes
    - React-jsi (= 0.71.10)
    - React-jsiexecutor (= 0.71.10)
    - React-perflogger (= 0.71.10)
    - Yoga
  - React-Core/RCTNetworkHeaders (0.71.10):
    - glog
    - hermes-engine
    - RCT-Folly (= 2021.07.22.00)
    - React-Core/Default
    - React-cxxreact (= 0.71.10)
    - React-hermes
    - React-jsi (= 0.71.10)
    - React-jsiexecutor (= 0.71.10)
    - React-perflogger (= 0.71.10)
    - Yoga
  - React-Core/RCTSettingsHeaders (0.71.10):
    - glog
    - hermes-engine
    - RCT-Folly (= 2021.07.22.00)
    - React-Core/Default
    - React-cxxreact (= 0.71.10)
    - React-hermes
    - React-jsi (= 0.71.10)
    - React-jsiexecutor (= 0.71.10)
    - React-perflogger (= 0.71.10)
    - Yoga
  - React-Core/RCTTextHeaders (0.71.10):
    - glog
    - hermes-engine
    - RCT-Folly (= 2021.07.22.00)
    - React-Core/Default
    - React-cxxreact (= 0.71.10)
    - React-hermes
    - React-jsi (= 0.71.10)
    - React-jsiexecutor (= 0.71.10)
    - React-perflogger (= 0.71.10)
    - Yoga
  - React-Core/RCTVibrationHeaders (0.71.10):
    - glog
    - hermes-engine
    - RCT-Folly (= 2021.07.22.00)
    - React-Core/Default
    - React-cxxreact (= 0.71.10)
    - React-hermes
    - React-jsi (= 0.71.10)
    - React-jsiexecutor (= 0.71.10)
    - React-perflogger (= 0.71.10)
    - Yoga
  - React-Core/RCTWebSocket (0.71.10):
    - glog
    - hermes-engine
    - RCT-Folly (= 2021.07.22.00)
    - React-Core/Default (= 0.71.10)
    - React-cxxreact (= 0.71.10)
    - React-hermes
    - React-jsi (= 0.71.10)
    - React-jsiexecutor (= 0.71.10)
    - React-perflogger (= 0.71.10)
    - Yoga
  - React-CoreModules (0.71.10):
    - RCT-Folly (= 2021.07.22.00)
    - RCTTypeSafety (= 0.71.10)
    - React-Codegen (= 0.71.10)
    - React-Core/CoreModulesHeaders (= 0.71.10)
    - React-jsi (= 0.71.10)
    - React-RCTBlob
    - React-RCTImage (= 0.71.10)
    - ReactCommon/turbomodule/core (= 0.71.10)
  - React-cxxreact (0.71.10):
    - boost (= 1.76.0)
    - DoubleConversion
    - glog
    - hermes-engine
    - RCT-Folly (= 2021.07.22.00)
    - React-callinvoker (= 0.71.10)
    - React-jsi (= 0.71.10)
    - React-jsinspector (= 0.71.10)
    - React-logger (= 0.71.10)
    - React-perflogger (= 0.71.10)
    - React-runtimeexecutor (= 0.71.10)
  - React-hermes (0.71.10):
    - DoubleConversion
    - glog
    - hermes-engine
    - RCT-Folly (= 2021.07.22.00)
    - RCT-Folly/Futures (= 2021.07.22.00)
    - React-cxxreact (= 0.71.10)
    - React-jsi
    - React-jsiexecutor (= 0.71.10)
    - React-jsinspector (= 0.71.10)
    - React-perflogger (= 0.71.10)
  - React-jsi (0.71.10):
    - boost (= 1.76.0)
    - DoubleConversion
    - glog
    - hermes-engine
    - RCT-Folly (= 2021.07.22.00)
  - React-jsiexecutor (0.71.10):
    - DoubleConversion
    - glog
    - hermes-engine
    - RCT-Folly (= 2021.07.22.00)
    - React-cxxreact (= 0.71.10)
    - React-jsi (= 0.71.10)
    - React-perflogger (= 0.71.10)
  - React-jsinspector (0.71.10)
  - React-logger (0.71.10):
    - glog
  - React-perflogger (0.71.10)
  - React-RCTActionSheet (0.71.10):
    - React-Core/RCTActionSheetHeaders (= 0.71.10)
  - React-RCTAnimation (0.71.10):
    - RCT-Folly (= 2021.07.22.00)
    - RCTTypeSafety (= 0.71.10)
    - React-Codegen (= 0.71.10)
    - React-Core/RCTAnimationHeaders (= 0.71.10)
    - React-jsi (= 0.71.10)
    - ReactCommon/turbomodule/core (= 0.71.10)
  - React-RCTAppDelegate (0.71.10):
    - RCT-Folly
    - RCTRequired
    - RCTTypeSafety
    - React-Core
    - ReactCommon/turbomodule/core
  - React-RCTBlob (0.71.10):
    - hermes-engine
    - RCT-Folly (= 2021.07.22.00)
    - React-Codegen (= 0.71.10)
    - React-Core/RCTBlobHeaders (= 0.71.10)
    - React-Core/RCTWebSocket (= 0.71.10)
    - React-jsi (= 0.71.10)
    - React-RCTNetwork (= 0.71.10)
    - ReactCommon/turbomodule/core (= 0.71.10)
  - React-RCTImage (0.71.10):
    - RCT-Folly (= 2021.07.22.00)
    - RCTTypeSafety (= 0.71.10)
    - React-Codegen (= 0.71.10)
    - React-Core/RCTImageHeaders (= 0.71.10)
    - React-jsi (= 0.71.10)
    - React-RCTNetwork (= 0.71.10)
    - ReactCommon/turbomodule/core (= 0.71.10)
  - React-RCTLinking (0.71.10):
    - React-Codegen (= 0.71.10)
    - React-Core/RCTLinkingHeaders (= 0.71.10)
    - React-jsi (= 0.71.10)
    - ReactCommon/turbomodule/core (= 0.71.10)
  - React-RCTNetwork (0.71.10):
    - RCT-Folly (= 2021.07.22.00)
    - RCTTypeSafety (= 0.71.10)
    - React-Codegen (= 0.71.10)
    - React-Core/RCTNetworkHeaders (= 0.71.10)
    - React-jsi (= 0.71.10)
    - ReactCommon/turbomodule/core (= 0.71.10)
  - React-RCTSettings (0.71.10):
    - RCT-Folly (= 2021.07.22.00)
    - RCTTypeSafety (= 0.71.10)
    - React-Codegen (= 0.71.10)
    - React-Core/RCTSettingsHeaders (= 0.71.10)
    - React-jsi (= 0.71.10)
    - ReactCommon/turbomodule/core (= 0.71.10)
  - React-RCTText (0.71.10):
    - React-Core/RCTTextHeaders (= 0.71.10)
  - React-RCTVibration (0.71.10):
    - RCT-Folly (= 2021.07.22.00)
    - React-Codegen (= 0.71.10)
    - React-Core/RCTVibrationHeaders (= 0.71.10)
    - React-jsi (= 0.71.10)
    - ReactCommon/turbomodule/core (= 0.71.10)
  - React-runtimeexecutor (0.71.10):
    - React-jsi (= 0.71.10)
  - ReactCommon/turbomodule/bridging (0.71.10):
    - DoubleConversion
    - glog
    - hermes-engine
    - RCT-Folly (= 2021.07.22.00)
    - React-callinvoker (= 0.71.10)
    - React-Core (= 0.71.10)
    - React-cxxreact (= 0.71.10)
    - React-jsi (= 0.71.10)
    - React-logger (= 0.71.10)
    - React-perflogger (= 0.71.10)
  - ReactCommon/turbomodule/core (0.71.10):
    - DoubleConversion
    - glog
    - hermes-engine
    - RCT-Folly (= 2021.07.22.00)
    - React-callinvoker (= 0.71.10)
    - React-Core (= 0.71.10)
    - React-cxxreact (= 0.71.10)
    - React-jsi (= 0.71.10)
    - React-logger (= 0.71.10)
    - React-perflogger (= 0.71.10)
  - RNPermissions (3.8.4):
    - React-Core
  - tealium-react-adjust (1.0.3):
    - React-Core
    - tealium-react-native (~> 2.2)
    - tealium-react-native-swift (~> 2.2)
    - tealium-swift/Core (~> 2.6)
    - TealiumAdjust (~> 1.1)
  - tealium-react-adobe-visitor (1.0.1):
    - React-Core
    - tealium-react-native (~> 2.2)
    - tealium-react-native-swift (~> 2.2)
    - tealium-swift/Core (~> 2.6)
    - TealiumAdobeVisitorAPI (~> 1.1)
  - tealium-react-appsflyer (1.0.1):
    - React
    - tealium-react-native (~> 2.2)
    - tealium-react-native-swift (~> 2.2)
    - tealium-swift/Core (~> 2.9)
    - TealiumAppsFlyer (~> 2.1)
  - tealium-react-firebase (1.0.4):
    - React-Core
    - tealium-react-native (~> 2.2)
    - tealium-react-native-swift (~> 2.2)
    - tealium-swift/Core (~> 2.8)
    - TealiumFirebase (~> 3.0)
  - tealium-react-native (2.3.1):
    - React-Core
    - tealium-swift/Collect (~> 2.8)
    - tealium-swift/Core (~> 2.8)
    - tealium-swift/Lifecycle (~> 2.8)
    - tealium-swift/RemoteCommands (~> 2.8)
    - tealium-swift/TagManagement (~> 2.8)
    - tealium-swift/VisitorService (~> 2.8)
  - tealium-react-native-crash-reporter (1.0.0):
    - React-Core
    - tealium-react-native (~> 2.2)
    - tealium-react-native-swift (~> 2.2)
    - tealium-swift/Core (~> 2.6)
    - TealiumCrashModule (~> 2.3)
  - tealium-react-native-location (1.0.2):
    - React-Core
    - tealium-react-native (~> 2.2)
    - tealium-react-native-swift (~> 2.2)
    - tealium-swift/Core (~> 2.6)
    - tealium-swift/Location (~> 2.6)
  - tealium-react-native-swift (2.3.1):
    - React-Core
    - tealium-react-native
    - tealium-swift/Collect (~> 2.8)
    - tealium-swift/Core (~> 2.8)
    - tealium-swift/Lifecycle (~> 2.8)
    - tealium-swift/RemoteCommands (~> 2.8)
    - tealium-swift/TagManagement (~> 2.8)
    - tealium-swift/VisitorService (~> 2.8)
  - tealium-swift/Collect (2.10.0):
    - tealium-swift/Core
  - tealium-swift/Core (2.10.0)
  - tealium-swift/Lifecycle (2.10.0):
    - tealium-swift/Core
  - tealium-swift/Location (2.10.0):
    - tealium-swift/Core
  - tealium-swift/RemoteCommands (2.10.0):
    - tealium-swift/Core
  - tealium-swift/TagManagement (2.10.0):
    - tealium-swift/Core
  - tealium-swift/VisitorService (2.10.0):
    - tealium-swift/Core
  - TealiumAdjust (1.1.0):
    - Adjust (~> 4.29)
    - tealium-swift/Core (~> 2.6)
    - tealium-swift/RemoteCommands (~> 2.6)
  - TealiumAdobeVisitorAPI (1.1.0):
    - tealium-swift/Core (~> 2.8)
  - TealiumAppsFlyer (2.1.2):
    - AppsFlyerFramework (~> 6.9)
    - tealium-swift/Core (~> 2.9)
    - tealium-swift/RemoteCommands (~> 2.9)
  - TealiumCrashModule (2.3.0):
    - TealiumCrashModule/Crash (= 2.3.0)
  - TealiumCrashModule/Crash (2.3.0):
    - PLCrashReporter
    - tealium-swift/Core
  - TealiumFirebase (3.0.0):
    - Firebase (~> 10.7)
    - FirebaseAnalytics (~> 10.7)
    - tealium-swift/Core (~> 2.9)
    - tealium-swift/RemoteCommands (~> 2.9)
  - Yoga (1.14.0)

DEPENDENCIES:
  - boost (from `../node_modules/react-native/third-party-podspecs/boost.podspec`)
  - DoubleConversion (from `../node_modules/react-native/third-party-podspecs/DoubleConversion.podspec`)
  - FBLazyVector (from `../node_modules/react-native/Libraries/FBLazyVector`)
  - FBReactNativeSpec (from `../node_modules/react-native/React/FBReactNativeSpec`)
  - glog (from `../node_modules/react-native/third-party-podspecs/glog.podspec`)
  - hermes-engine (from `../node_modules/react-native/sdks/hermes-engine/hermes-engine.podspec`)
  - libevent (~> 2.1.12)
  - Permission-LocationAccuracy (from `../node_modules/react-native-permissions/ios/LocationAccuracy`)
  - Permission-LocationAlways (from `../node_modules/react-native-permissions/ios/LocationAlways`)
  - Permission-LocationWhenInUse (from `../node_modules/react-native-permissions/ios/LocationWhenInUse`)
  - RCT-Folly (from `../node_modules/react-native/third-party-podspecs/RCT-Folly.podspec`)
  - RCTRequired (from `../node_modules/react-native/Libraries/RCTRequired`)
  - RCTTypeSafety (from `../node_modules/react-native/Libraries/TypeSafety`)
  - React (from `../node_modules/react-native/`)
  - React-callinvoker (from `../node_modules/react-native/ReactCommon/callinvoker`)
  - React-Codegen (from `build/generated/ios`)
  - React-Core (from `../node_modules/react-native/`)
  - React-Core/RCTWebSocket (from `../node_modules/react-native/`)
  - React-CoreModules (from `../node_modules/react-native/React/CoreModules`)
  - React-cxxreact (from `../node_modules/react-native/ReactCommon/cxxreact`)
  - React-hermes (from `../node_modules/react-native/ReactCommon/hermes`)
  - React-jsi (from `../node_modules/react-native/ReactCommon/jsi`)
  - React-jsiexecutor (from `../node_modules/react-native/ReactCommon/jsiexecutor`)
  - React-jsinspector (from `../node_modules/react-native/ReactCommon/jsinspector`)
  - React-logger (from `../node_modules/react-native/ReactCommon/logger`)
  - React-perflogger (from `../node_modules/react-native/ReactCommon/reactperflogger`)
  - React-RCTActionSheet (from `../node_modules/react-native/Libraries/ActionSheetIOS`)
  - React-RCTAnimation (from `../node_modules/react-native/Libraries/NativeAnimation`)
  - React-RCTAppDelegate (from `../node_modules/react-native/Libraries/AppDelegate`)
  - React-RCTBlob (from `../node_modules/react-native/Libraries/Blob`)
  - React-RCTImage (from `../node_modules/react-native/Libraries/Image`)
  - React-RCTLinking (from `../node_modules/react-native/Libraries/LinkingIOS`)
  - React-RCTNetwork (from `../node_modules/react-native/Libraries/Network`)
  - React-RCTSettings (from `../node_modules/react-native/Libraries/Settings`)
  - React-RCTText (from `../node_modules/react-native/Libraries/Text`)
  - React-RCTVibration (from `../node_modules/react-native/Libraries/Vibration`)
  - React-runtimeexecutor (from `../node_modules/react-native/ReactCommon/runtimeexecutor`)
  - ReactCommon/turbomodule/core (from `../node_modules/react-native/ReactCommon`)
  - RNPermissions (from `../node_modules/react-native-permissions`)
  - tealium-react-adjust (from `../node_modules/tealium-react-adjust`)
  - tealium-react-adobe-visitor (from `../node_modules/tealium-react-native-adobe-visitor`)
  - tealium-react-appsflyer (from `../node_modules/tealium-react-appsflyer`)
  - tealium-react-firebase (from `../node_modules/tealium-react-firebase`)
  - tealium-react-native (from `../node_modules/tealium-react-native`)
  - tealium-react-native-crash-reporter (from `../node_modules/tealium-react-native-crash-reporter`)
  - tealium-react-native-location (from `../node_modules/tealium-react-native-location`)
  - tealium-react-native-swift (from `../node_modules/tealium-react-native/tealium-react-native-swift.podspec`)
  - Yoga (from `../node_modules/react-native/ReactCommon/yoga`)

SPEC REPOS:
  trunk:
    - Adjust
    - AppsFlyerFramework
    - Firebase
    - FirebaseAnalytics
    - FirebaseCore
    - FirebaseCoreInternal
    - FirebaseInstallations
    - fmt
    - GoogleAppMeasurement
    - GoogleUtilities
    - libevent
    - nanopb
    - PLCrashReporter
    - PromisesObjC
    - tealium-swift
    - TealiumAdjust
    - TealiumAdobeVisitorAPI
    - TealiumAppsFlyer
    - TealiumCrashModule
    - TealiumFirebase

EXTERNAL SOURCES:
  boost:
    :podspec: "../node_modules/react-native/third-party-podspecs/boost.podspec"
  DoubleConversion:
    :podspec: "../node_modules/react-native/third-party-podspecs/DoubleConversion.podspec"
  FBLazyVector:
    :path: "../node_modules/react-native/Libraries/FBLazyVector"
  FBReactNativeSpec:
    :path: "../node_modules/react-native/React/FBReactNativeSpec"
  glog:
    :podspec: "../node_modules/react-native/third-party-podspecs/glog.podspec"
  hermes-engine:
    :podspec: "../node_modules/react-native/sdks/hermes-engine/hermes-engine.podspec"
  Permission-LocationAccuracy:
    :path: "../node_modules/react-native-permissions/ios/LocationAccuracy"
  Permission-LocationAlways:
    :path: "../node_modules/react-native-permissions/ios/LocationAlways"
  Permission-LocationWhenInUse:
    :path: "../node_modules/react-native-permissions/ios/LocationWhenInUse"
  RCT-Folly:
    :podspec: "../node_modules/react-native/third-party-podspecs/RCT-Folly.podspec"
  RCTRequired:
    :path: "../node_modules/react-native/Libraries/RCTRequired"
  RCTTypeSafety:
    :path: "../node_modules/react-native/Libraries/TypeSafety"
  React:
    :path: "../node_modules/react-native/"
  React-callinvoker:
    :path: "../node_modules/react-native/ReactCommon/callinvoker"
  React-Codegen:
    :path: build/generated/ios
  React-Core:
    :path: "../node_modules/react-native/"
  React-CoreModules:
    :path: "../node_modules/react-native/React/CoreModules"
  React-cxxreact:
    :path: "../node_modules/react-native/ReactCommon/cxxreact"
  React-hermes:
    :path: "../node_modules/react-native/ReactCommon/hermes"
  React-jsi:
    :path: "../node_modules/react-native/ReactCommon/jsi"
  React-jsiexecutor:
    :path: "../node_modules/react-native/ReactCommon/jsiexecutor"
  React-jsinspector:
    :path: "../node_modules/react-native/ReactCommon/jsinspector"
  React-logger:
    :path: "../node_modules/react-native/ReactCommon/logger"
  React-perflogger:
    :path: "../node_modules/react-native/ReactCommon/reactperflogger"
  React-RCTActionSheet:
    :path: "../node_modules/react-native/Libraries/ActionSheetIOS"
  React-RCTAnimation:
    :path: "../node_modules/react-native/Libraries/NativeAnimation"
  React-RCTAppDelegate:
    :path: "../node_modules/react-native/Libraries/AppDelegate"
  React-RCTBlob:
    :path: "../node_modules/react-native/Libraries/Blob"
  React-RCTImage:
    :path: "../node_modules/react-native/Libraries/Image"
  React-RCTLinking:
    :path: "../node_modules/react-native/Libraries/LinkingIOS"
  React-RCTNetwork:
    :path: "../node_modules/react-native/Libraries/Network"
  React-RCTSettings:
    :path: "../node_modules/react-native/Libraries/Settings"
  React-RCTText:
    :path: "../node_modules/react-native/Libraries/Text"
  React-RCTVibration:
    :path: "../node_modules/react-native/Libraries/Vibration"
  React-runtimeexecutor:
    :path: "../node_modules/react-native/ReactCommon/runtimeexecutor"
  ReactCommon:
    :path: "../node_modules/react-native/ReactCommon"
  RNPermissions:
    :path: "../node_modules/react-native-permissions"
  tealium-react-adjust:
    :path: "../node_modules/tealium-react-adjust"
  tealium-react-adobe-visitor:
    :path: "../node_modules/tealium-react-native-adobe-visitor"
  tealium-react-appsflyer:
    :path: "../node_modules/tealium-react-appsflyer"
  tealium-react-firebase:
    :path: "../node_modules/tealium-react-firebase"
  tealium-react-native:
    :path: "../node_modules/tealium-react-native"
  tealium-react-native-crash-reporter:
    :path: "../node_modules/tealium-react-native-crash-reporter"
  tealium-react-native-location:
    :path: "../node_modules/tealium-react-native-location"
  tealium-react-native-swift:
    :path: "../node_modules/tealium-react-native/tealium-react-native-swift.podspec"
  Yoga:
    :path: "../node_modules/react-native/ReactCommon/yoga"

SPEC CHECKSUMS:
  Adjust: 4690e07ea401ee56d4d3f4f5bdad86c94f51903f
  AppsFlyerFramework: e22e8f0e746b4f568d9bb0b078180c6ad95e2609
  boost: 57d2868c099736d80fcd648bf211b4431e51a558
  DoubleConversion: 5189b271737e1565bdce30deb4a08d647e3f5f54
  FBLazyVector: ddb55c55295ea51ed98aa7e2e08add2f826309d5
  FBReactNativeSpec: 90fc1a90b4b7a171e0a7c20ea426c1bf6ce4399c
  Firebase: 31d9575c124839fb5abc0db6d39511cc1dab1b85
  FirebaseAnalytics: 6c6bf99e8854475bf1fa342028841be8ecd236da
  FirebaseCore: 62fd4d549f5e3f3bd52b7998721c5fa0557fb355
  FirebaseCoreInternal: 9e46c82a14a3b3a25be4e1e151ce6d21536b89c0
  FirebaseInstallations: 2a2c6859354cbec0a228a863d4daf6de7c74ced4
  fmt: ff9d55029c625d3757ed641535fd4a75fedc7ce9
  glog: 04b94705f318337d7ead9e6d17c019bd9b1f6b1b
  GoogleAppMeasurement: d3dabccdb336fc0ae44b633c8abaa26559893cd9
  GoogleUtilities: 9aa0ad5a7bc171f8bae016300bfcfa3fb8425749
  hermes-engine: d27603b55a48402501ad1928c05411dae9cd6b85
  libevent: 4049cae6c81cdb3654a443be001fb9bdceff7913
  nanopb: b552cce312b6c8484180ef47159bc0f65a1f0431
  Permission-LocationAccuracy: a38ddb5c5d0b8e656f3c86e4a500f9bb88bc099d
  Permission-LocationAlways: 8fd5518716c3045f9c4edf77b901126098d79b60
  Permission-LocationWhenInUse: 24d97eeb25d8ff9f2232e070f792eeb1360ccaf0
  PLCrashReporter: 5d2d3967afe0efad61b3048d617e2199a5d1b787
  PromisesObjC: 09985d6d70fbe7878040aa746d78236e6946d2ef
  RCT-Folly: 424b8c9a7a0b9ab2886ffe9c3b041ef628fd4fb1
  RCTRequired: 8ef706f91e2b643cd32c26a57700b5f24fab0585
  RCTTypeSafety: 5fbddd8eb9242b91ac0d901c01da3673f358b1b7
  React: e5d2d559e89d256a1d6da64d51adaecda9c8ddae
  React-callinvoker: 352ecbafbdccca5fdf4aed99c98ae5b7fc28e39b
  React-Codegen: fa660a71e24078b2e52a62ecc2f3048c2f8ae6d7
  React-Core: 4ec45c2d537fe58e6d878bec6a13e3e2bed9c182
  React-CoreModules: 63f7f9fda3d4b214040a80e3f47ab4fb9a3e88e6
  React-cxxreact: 1a729807190ebf98ce5fb0c3d2ed211e8b5f2f87
  React-hermes: eb93eb6e7921ecd4abcc6e741b327f40763e850f
  React-jsi: 1995961abdff0c9af9aae8a6b24468f21811000e
  React-jsiexecutor: 4bb480a183a354e4dbfb1012936b1a2bb9357de7
  React-jsinspector: cdc854f8b13abd202afa54bc12578e5afb9cfae1
  React-logger: ef2269b3afa6ba868da90496c3e17a4ec4f4cee0
  React-perflogger: 217095464d5c4bb70df0742fa86bf2a363693468
  React-RCTActionSheet: 8deae9b85a4cbc6a2243618ea62a374880a2c614
  React-RCTAnimation: 59c62353a8b59ce206044786c5d30e4754bffa64
  React-RCTAppDelegate: ef66a6904141fca96bffb00fac327a482b575f19
  React-RCTBlob: 8e518bae3d6ca97ffb7088da673fbbc53042d94d
  React-RCTImage: 36c0324ff499802b9874d6803ca72026e90434f6
  React-RCTLinking: 401aec3a01b18c2c8ed93bf3a6758b87e617c58d
  React-RCTNetwork: cb25b9f2737c3aa2cde0fe0bd7ff7fabf7bf9ad0
  React-RCTSettings: cb6ae9f656e1c880500c2ecbe8e72861c2262afa
  React-RCTText: 7404fd01809244d79d456f92cfe6f9fbadf69209
  React-RCTVibration: d13cc2d63286c633393d3a7f6f607cc2a09ec011
  React-runtimeexecutor: a9a1cd79996c9a0846e3232ecb25c64e1cc0172e
  ReactCommon: e7a0cdbb67f8da60677db83d693dea816780a6e9
  RNPermissions: f1b49dd05fa9b83993cd05a9ee115247944d8f1a
  tealium-react-adjust: ae9cb0658f21293ca1bd8240cbc01e6da744d3cc
  tealium-react-adobe-visitor: 486bda1ea272c70b4ae1e1041c4e9118cc4e0033
  tealium-react-appsflyer: 041783acc14ac5a3ca416cc6e0a92dd3e5c81ecb
  tealium-react-firebase: e8d20c3ea0d36c0b56afbdd75b6d43057abc93ab
  tealium-react-native: 2a5481ab4be78106f33447a93b035725b1aa957e
  tealium-react-native-crash-reporter: b83046fe9a3c7e83a6554311e28993fc3673bf2f
  tealium-react-native-location: 2bd1b4e1081fd96904195ccbfb08b48b675256b8
  tealium-react-native-swift: c1302b2ba205cf9fb75ab27373e32c2bb4de4e6f
  tealium-swift: 92ac60201de69b342ecc2d52e2207796cf936cf8
  TealiumAdjust: e4dc17fd9dad81b37207e8df2b52ab12af36f606
  TealiumAdobeVisitorAPI: 461c387286df99cb17ffb342a56b02d852978240
  TealiumAppsFlyer: 091f216de29ef5152a2a8575db82b3ea7e48d7c7
  TealiumCrashModule: 49826bdeb10b24407296463cd30a9ee00ca43232
  TealiumFirebase: 49aef245aa7e5e6826a7fa1594538f2c7f1750d2
  Yoga: e7ea9e590e27460d28911403b894722354d73479

PODFILE CHECKSUM: ae01ac8d8d37ecfbca906c6999ee36c4e03e50e4

COCOAPODS: 1.12.1
